// !$*UTF8*$!
{
	archiveVersion = 1;
	classes = {
	};
	objectVersion = 55;
	objects = {

/* Begin PBXBuildFile section */
		97D60CC528D479C700B5C5EA /* BluetoothBarebonesApp.swift in Sources */ = {isa = PBXBuildFile; fileRef = 97D60CC428D479C700B5C5EA /* BluetoothBarebonesApp.swift */; };
		97D60CC728D479C700B5C5EA /* ContentView.swift in Sources */ = {isa = PBXBuildFile; fileRef = 97D60CC628D479C700B5C5EA /* ContentView.swift */; };
		97D60CC928D479C800B5C5EA /* Assets.xcassets in Resources */ = {isa = PBXBuildFile; fileRef = 97D60CC828D479C800B5C5EA /* Assets.xcassets */; };
		97D60CCC28D479C800B5C5EA /* Preview Assets.xcassets in Resources */ = {isa = PBXBuildFile; fileRef = 97D60CCB28D479C800B5C5EA /* Preview Assets.xcassets */; };
		97D60CD328D479D900B5C5EA /* BTController.swift in Sources */ = {isa = PBXBuildFile; fileRef = 97D60CD228D479D900B5C5EA /* BTController.swift */; };
		97D60CD528D47F0500B5C5EA /* AdvertisementData.swift in Sources */ = {isa = PBXBuildFile; fileRef = 97D60CD428D47F0500B5C5EA /* AdvertisementData.swift */; };
		97D60CD728D4866800B5C5EA /* Data+Strings.swift in Sources */ = {isa = PBXBuildFile; fileRef = 97D60CD628D4866800B5C5EA /* Data+Strings.swift */; };
		97D60CD928D82FC500B5C5EA /* JSONSerialization+withBLEAdvData.swift in Sources */ = {isa = PBXBuildFile; fileRef = 97D60CD828D82FC500B5C5EA /* JSONSerialization+withBLEAdvData.swift */; };
/* End PBXBuildFile section */

/* Begin PBXFileReference section */
		97D60CC128D479C700B5C5EA /* BluetoothBarebones.app */ = {isa = PBXFileReference; explicitFileType = wrapper.application; includeInIndex = 0; path = BluetoothBarebones.app; sourceTree = BUILT_PRODUCTS_DIR; };
		97D60CC428D479C700B5C5EA /* BluetoothBarebonesApp.swift */ = {isa = PBXFileReference; lastKnownFileType = sourcecode.swift; path = BluetoothBarebonesApp.swift; sourceTree = "<group>"; };
		97D60CC628D479C700B5C5EA /* ContentView.swift */ = {isa = PBXFileReference; lastKnownFileType = sourcecode.swift; path = ContentView.swift; sourceTree = "<group>"; };
		97D60CC828D479C800B5C5EA /* Assets.xcassets */ = {isa = PBXFileReference; lastKnownFileType = folder.assetcatalog; path = Assets.xcassets; sourceTree = "<group>"; };
		97D60CCB28D479C800B5C5EA /* Preview Assets.xcassets */ = {isa = PBXFileReference; lastKnownFileType = folder.assetcatalog; path = "Preview Assets.xcassets"; sourceTree = "<group>"; };
		97D60CD228D479D900B5C5EA /* BTController.swift */ = {isa = PBXFileReference; lastKnownFileType = sourcecode.swift; path = BTController.swift; sourceTree = "<group>"; };
		97D60CD428D47F0500B5C5EA /* AdvertisementData.swift */ = {isa = PBXFileReference; lastKnownFileType = sourcecode.swift; path = AdvertisementData.swift; sourceTree = "<group>"; };
		97D60CD628D4866800B5C5EA /* Data+Strings.swift */ = {isa = PBXFileReference; lastKnownFileType = sourcecode.swift; path = "Data+Strings.swift"; sourceTree = "<group>"; };
		97D60CD828D82FC500B5C5EA /* JSONSerialization+withBLEAdvData.swift */ = {isa = PBXFileReference; lastKnownFileType = sourcecode.swift; path = "JSONSerialization+withBLEAdvData.swift"; sourceTree = "<group>"; };
/* End PBXFileReference section */

/* Begin PBXFrameworksBuildPhase section */
		97D60CBE28D479C700B5C5EA /* Frameworks */ = {
			isa = PBXFrameworksBuildPhase;
			buildActionMask = 2147483647;
			files = (
			);
			runOnlyForDeploymentPostprocessing = 0;
		};
/* End PBXFrameworksBuildPhase section */

/* Begin PBXGroup section */
		97D60CB828D479C700B5C5EA = {
			isa = PBXGroup;
			children = (
				97D60CC328D479C700B5C5EA /* BluetoothBarebones */,
				97D60CC228D479C700B5C5EA /* Products */,
			);
			sourceTree = "<group>";
		};
		97D60CC228D479C700B5C5EA /* Products */ = {
			isa = PBXGroup;
			children = (
				97D60CC128D479C700B5C5EA /* BluetoothBarebones.app */,
			);
			name = Products;
			sourceTree = "<group>";
		};
		97D60CC328D479C700B5C5EA /* BluetoothBarebones */ = {
			isa = PBXGroup;
			children = (
				97D60CC428D479C700B5C5EA /* BluetoothBarebonesApp.swift */,
				97D60CC628D479C700B5C5EA /* ContentView.swift */,
				97D60CC828D479C800B5C5EA /* Assets.xcassets */,
				97D60CCA28D479C800B5C5EA /* Preview Content */,
				97D60CD228D479D900B5C5EA /* BTController.swift */,
				97D60CD828D82FC500B5C5EA /* JSONSerialization+withBLEAdvData.swift */,
				97D60CD428D47F0500B5C5EA /* AdvertisementData.swift */,
				97D60CD628D4866800B5C5EA /* Data+Strings.swift */,
			);
			path = BluetoothBarebones;
			sourceTree = "<group>";
		};
		97D60CCA28D479C800B5C5EA /* Preview Content */ = {
			isa = PBXGroup;
			children = (
				97D60CCB28D479C800B5C5EA /* Preview Assets.xcassets */,
			);
			path = "Preview Content";
			sourceTree = "<group>";
		};
/* End PBXGroup section */

/* Begin PBXNativeTarget section */
		97D60CC028D479C700B5C5EA /* BluetoothBarebones */ = {
			isa = PBXNativeTarget;
			buildConfigurationList = 97D60CCF28D479C800B5C5EA /* Build configuration list for PBXNativeTarget "BluetoothBarebones" */;
			buildPhases = (
				97D60CBD28D479C700B5C5EA /* Sources */,
				97D60CBE28D479C700B5C5EA /* Frameworks */,
				97D60CBF28D479C700B5C5EA /* Resources */,
			);
			buildRules = (
			);
			dependencies = (
			);
			name = BluetoothBarebones;
			productName = BluetoothBarebones;
			productReference = 97D60CC128D479C700B5C5EA /* BluetoothBarebones.app */;
			productType = "com.apple.product-type.application";
		};
/* End PBXNativeTarget section */

/* Begin PBXProject section */
		97D60CB928D479C700B5C5EA /* Project object */ = {
			isa = PBXProject;
			attributes = {
				BuildIndependentTargetsInParallel = 1;
				LastSwiftUpdateCheck = 1340;
				LastUpgradeCheck = 1340;
				TargetAttributes = {
					97D60CC028D479C700B5C5EA = {
						CreatedOnToolsVersion = 13.4.1;
					};
				};
			};
			buildConfigurationList = 97D60CBC28D479C700B5C5EA /* Build configuration list for PBXProject "BluetoothBarebones" */;
			compatibilityVersion = "Xcode 13.0";
			developmentRegion = en;
			hasScannedForEncodings = 0;
			knownRegions = (
				en,
				Base,
			);
			mainGroup = 97D60CB828D479C700B5C5EA;
			productRefGroup = 97D60CC228D479C700B5C5EA /* Products */;
			projectDirPath = "";
			projectRoot = "";
			targets = (
				97D60CC028D479C700B5C5EA /* BluetoothBarebones */,
			);
		};
/* End PBXProject section */

/* Begin PBXResourcesBuildPhase section */
		97D60CBF28D479C700B5C5EA /* Resources */ = {
			isa = PBXResourcesBuildPhase;
			buildActionMask = 2147483647;
			files = (
				97D60CCC28D479C800B5C5EA /* Preview Assets.xcassets in Resources */,
				97D60CC928D479C800B5C5EA /* Assets.xcassets in Resources */,
			);
			runOnlyForDeploymentPostprocessing = 0;
		};
/* End PBXResourcesBuildPhase section */

/* Begin PBXSourcesBuildPhase section */
		97D60CBD28D479C700B5C5EA /* Sources */ = {
			isa = PBXSourcesBuildPhase;
			buildActionMask = 2147483647;
			files = (
				97D60CD728D4866800B5C5EA /* Data+Strings.swift in Sources */,
				97D60CD328D479D900B5C5EA /* BTController.swift in Sources */,
				97D60CC728D479C700B5C5EA /* ContentView.swift in Sources */,
				97D60CC528D479C700B5C5EA /* BluetoothBarebonesApp.swift in Sources */,
				97D60CD928D82FC500B5C5EA /* JSONSerialization+withBLEAdvData.swift in Sources */,
				97D60CD528D47F0500B5C5EA /* AdvertisementData.swift in Sources */,
			);
			runOnlyForDeploymentPostprocessing = 0;
		};
/* End PBXSourcesBuildPhase section */

/* Begin XCBuildConfiguration section */
		97D60CCD28D479C800B5C5EA /* Debug */ = {
			isa = XCBuildConfiguration;
			buildSettings = {
				ALWAYS_SEARCH_USER_PATHS = NO;
				CLANG_ANALYZER_NONNULL = YES;
				CLANG_ANALYZER_NUMBER_OBJECT_CONVERSION = YES_AGGRESSIVE;
				CLANG_CXX_LANGUAGE_STANDARD = "gnu++17";
				CLANG_ENABLE_MODULES = YES;
				CLANG_ENABLE_OBJC_ARC = YES;
				CLANG_ENABLE_OBJC_WEAK = YES;
				CLANG_WARN_BLOCK_CAPTURE_AUTORELEASING = YES;
				CLANG_WARN_BOOL_CONVERSION = YES;
				CLANG_WARN_COMMA = YES;
				CLANG_WARN_CONSTANT_CONVERSION = YES;
				CLANG_WARN_DEPRECATED_OBJC_IMPLEMENTATIONS = YES;
				CLANG_WARN_DIRECT_OBJC_ISA_USAGE = YES_ERROR;
				CLANG_WARN_DOCUMENTATION_COMMENTS = YES;
				CLANG_WARN_EMPTY_BODY = YES;
				CLANG_WARN_ENUM_CONVERSION = YES;
				CLANG_WARN_INFINITE_RECURSION = YES;
				CLANG_WARN_INT_CONVERSION = YES;
				CLANG_WARN_NON_LITERAL_NULL_CONVERSION = YES;
				CLANG_WARN_OBJC_IMPLICIT_RETAIN_SELF = YES;
				CLANG_WARN_OBJC_LITERAL_CONVERSION = YES;
				CLANG_WARN_OBJC_ROOT_CLASS = YES_ERROR;
				CLANG_WARN_QUOTED_INCLUDE_IN_FRAMEWORK_HEADER = YES;
				CLANG_WARN_RANGE_LOOP_ANALYSIS = YES;
				CLANG_WARN_STRICT_PROTOTYPES = YES;
				CLANG_WARN_SUSPICIOUS_MOVE = YES;
				CLANG_WARN_UNGUARDED_AVAILABILITY = YES_AGGRESSIVE;
				CLANG_WARN_UNREACHABLE_CODE = YES;
				CLANG_WARN__DUPLICATE_METHOD_MATCH = YES;
				COPY_PHASE_STRIP = NO;
				DEBUG_INFORMATION_FORMAT = dwarf;
				ENABLE_STRICT_OBJC_MSGSEND = YES;
				ENABLE_TESTABILITY = YES;
				GCC_C_LANGUAGE_STANDARD = gnu11;
				GCC_DYNAMIC_NO_PIC = NO;
				GCC_NO_COMMON_BLOCKS = YES;
				GCC_OPTIMIZATION_LEVEL = 0;
				GCC_PREPROCESSOR_DEFINITIONS = (
					"DEBUG=1",
					"$(inherited)",
				);
				GCC_WARN_64_TO_32_BIT_CONVERSION = YES;
				GCC_WARN_ABOUT_RETURN_TYPE = YES_ERROR;
				GCC_WARN_UNDECLARED_SELECTOR = YES;
				GCC_WARN_UNINITIALIZED_AUTOS = YES_AGGRESSIVE;
				GCC_WARN_UNUSED_FUNCTION = YES;
				GCC_WARN_UNUSED_VARIABLE = YES;
				IPHONEOS_DEPLOYMENT_TARGET = 15.5;
				MTL_ENABLE_DEBUG_INFO = INCLUDE_SOURCE;
				MTL_FAST_MATH = YES;
				ONLY_ACTIVE_ARCH = YES;
				SDKROOT = iphoneos;
				SWIFT_ACTIVE_COMPILATION_CONDITIONS = DEBUG;
				SWIFT_OPTIMIZATION_LEVEL = "-Onone";
			};
			name = Debug;
		};
		97D60CCE28D479C800B5C5EA /* Release */ = {
			isa = XCBuildConfiguration;
			buildSettings = {
				ALWAYS_SEARCH_USER_PATHS = NO;
				CLANG_ANALYZER_NONNULL = YES;
				CLANG_ANALYZER_NUMBER_OBJECT_CONVERSION = YES_AGGRESSIVE;
				CLANG_CXX_LANGUAGE_STANDARD = "gnu++17";
				CLANG_ENABLE_MODULES = YES;
				CLANG_ENABLE_OBJC_ARC = YES;
				CLANG_ENABLE_OBJC_WEAK = YES;
				CLANG_WARN_BLOCK_CAPTURE_AUTORELEASING = YES;
				CLANG_WARN_BOOL_CONVERSION = YES;
				CLANG_WARN_COMMA = YES;
				CLANG_WARN_CONSTANT_CONVERSION = YES;
				CLANG_WARN_DEPRECATED_OBJC_IMPLEMENTATIONS = YES;
				CLANG_WARN_DIRECT_OBJC_ISA_USAGE = YES_ERROR;
				CLANG_WARN_DOCUMENTATION_COMMENTS = YES;
				CLANG_WARN_EMPTY_BODY = YES;
				CLANG_WARN_ENUM_CONVERSION = YES;
				CLANG_WARN_INFINITE_RECURSION = YES;
				CLANG_WARN_INT_CONVERSION = YES;
				CLANG_WARN_NON_LITERAL_NULL_CONVERSION = YES;
				CLANG_WARN_OBJC_IMPLICIT_RETAIN_SELF = YES;
				CLANG_WARN_OBJC_LITERAL_CONVERSION = YES;
				CLANG_WARN_OBJC_ROOT_CLASS = YES_ERROR;
				CLANG_WARN_QUOTED_INCLUDE_IN_FRAMEWORK_HEADER = YES;
				CLANG_WARN_RANGE_LOOP_ANALYSIS = YES;
				CLANG_WARN_STRICT_PROTOTYPES = YES;
				CLANG_WARN_SUSPICIOUS_MOVE = YES;
				CLANG_WARN_UNGUARDED_AVAILABILITY = YES_AGGRESSIVE;
				CLANG_WARN_UNREACHABLE_CODE = YES;
				CLANG_WARN__DUPLICATE_METHOD_MATCH = YES;
				COPY_PHASE_STRIP = NO;
				DEBUG_INFORMATION_FORMAT = "dwarf-with-dsym";
				ENABLE_NS_ASSERTIONS = NO;
				ENABLE_STRICT_OBJC_MSGSEND = YES;
				GCC_C_LANGUAGE_STANDARD = gnu11;
				GCC_NO_COMMON_BLOCKS = YES;
				GCC_WARN_64_TO_32_BIT_CONVERSION = YES;
				GCC_WARN_ABOUT_RETURN_TYPE = YES_ERROR;
				GCC_WARN_UNDECLARED_SELECTOR = YES;
				GCC_WARN_UNINITIALIZED_AUTOS = YES_AGGRESSIVE;
				GCC_WARN_UNUSED_FUNCTION = YES;
				GCC_WARN_UNUSED_VARIABLE = YES;
				IPHONEOS_DEPLOYMENT_TARGET = 15.5;
				MTL_ENABLE_DEBUG_INFO = NO;
				MTL_FAST_MATH = YES;
				SDKROOT = iphoneos;
				SWIFT_COMPILATION_MODE = wholemodule;
				SWIFT_OPTIMIZATION_LEVEL = "-O";
				VALIDATE_PRODUCT = YES;
			};
			name = Release;
		};
		97D60CD028D479C800B5C5EA /* Debug */ = {
			isa = XCBuildConfiguration;
			buildSettings = {
				ASSETCATALOG_COMPILER_APPICON_NAME = AppIcon;
				ASSETCATALOG_COMPILER_GLOBAL_ACCENT_COLOR_NAME = AccentColor;
				CODE_SIGN_STYLE = Automatic;
				CURRENT_PROJECT_VERSION = 1;
				DEVELOPMENT_ASSET_PATHS = "\"BluetoothBarebones/Preview Content\"";
				DEVELOPMENT_TEAM = 87QXN3F9B7;
				ENABLE_PREVIEWS = YES;
				GENERATE_INFOPLIST_FILE = YES;
				INFOPLIST_KEY_NSBluetoothAlwaysUsageDescription = "Bluetooth Please";
				INFOPLIST_KEY_UIApplicationSceneManifest_Generation = YES;
				INFOPLIST_KEY_UIApplicationSupportsIndirectInputEvents = YES;
				INFOPLIST_KEY_UILaunchScreen_Generation = YES;
				INFOPLIST_KEY_UISupportedInterfaceOrientations_iPad = "UIInterfaceOrientationPortrait UIInterfaceOrientationPortraitUpsideDown UIInterfaceOrientationLandscapeLeft UIInterfaceOrientationLandscapeRight";
				INFOPLIST_KEY_UISupportedInterfaceOrientations_iPhone = "UIInterfaceOrientationPortrait UIInterfaceOrientationLandscapeLeft UIInterfaceOrientationLandscapeRight";
				LD_RUNPATH_SEARCH_PATHS = (
					"$(inherited)",
					"@executable_path/Frameworks",
				);
				MARKETING_VERSION = 1.0;
				PRODUCT_BUNDLE_IDENTIFIER = "com.jeffrey-thompson.BluetoothBarebones";
				PRODUCT_NAME = "$(TARGET_NAME)";
				SWIFT_EMIT_LOC_STRINGS = YES;
				SWIFT_VERSION = 5.0;
				TARGETED_DEVICE_FAMILY = "1,2";
			};
			name = Debug;
		};
		97D60CD128D479C800B5C5EA /* Release */ = {
			isa = XCBuildConfiguration;
			buildSettings = {
				ASSETCATALOG_COMPILER_APPICON_NAME = AppIcon;
				ASSETCATALOG_COMPILER_GLOBAL_ACCENT_COLOR_NAME = AccentColor;
				CODE_SIGN_STYLE = Automatic;
				CURRENT_PROJECT_VERSION = 1;
				DEVELOPMENT_ASSET_PATHS = "\"BluetoothBarebones/Preview Content\"";
				DEVELOPMENT_TEAM = 87QXN3F9B7;
				ENABLE_PREVIEWS = YES;
				GENERATE_INFOPLIST_FILE = YES;
				INFOPLIST_KEY_NSBluetoothAlwaysUsageDescription = "Bluetooth Please";
				INFOPLIST_KEY_UIApplicationSceneManifest_Generation = YES;
				INFOPLIST_KEY_UIApplicationSupportsIndirectInputEvents = YES;
				INFOPLIST_KEY_UILaunchScreen_Generation = YES;
				INFOPLIST_KEY_UISupportedInterfaceOrientations_iPad = "UIInterfaceOrientationPortrait UIInterfaceOrientationPortraitUpsideDown UIInterfaceOrientationLandscapeLeft UIInterfaceOrientationLandscapeRight";
				INFOPLIST_KEY_UISupportedInterfaceOrientations_iPhone = "UIInterfaceOrientationPortrait UIInterfaceOrientationLandscapeLeft UIInterfaceOrientationLandscapeRight";
				LD_RUNPATH_SEARCH_PATHS = (
					"$(inherited)",
					"@executable_path/Frameworks",
				);
				MARKETING_VERSION = 1.0;
				PRODUCT_BUNDLE_IDENTIFIER = "com.jeffrey-thompson.BluetoothBarebones";
				PRODUCT_NAME = "$(TARGET_NAME)";
				SWIFT_EMIT_LOC_STRINGS = YES;
				SWIFT_VERSION = 5.0;
				TARGETED_DEVICE_FAMILY = "1,2";
			};
			name = Release;
		};
/* End XCBuildConfiguration section */

/* Begin XCConfigurationList section */
		97D60CBC28D479C700B5C5EA /* Build configuration list for PBXProject "BluetoothBarebones" */ = {
			isa = XCConfigurationList;
			buildConfigurations = (
				97D60CCD28D479C800B5C5EA /* Debug */,
				97D60CCE28D479C800B5C5EA /* Release */,
			);
			defaultConfigurationIsVisible = 0;
			defaultConfigurationName = Release;
		};
		97D60CCF28D479C800B5C5EA /* Build configuration list for PBXNativeTarget "BluetoothBarebones" */ = {
			isa = XCConfigurationList;
			buildConfigurations = (
				97D60CD028D479C800B5C5EA /* Debug */,
				97D60CD128D479C800B5C5EA /* Release */,
			);
			defaultConfigurationIsVisible = 0;
			defaultConfigurationName = Release;
		};
/* End XCConfigurationList section */
	};
	rootObject = 97D60CB928D479C700B5C5EA /* Project object */;
}
